
Microsoft Visual Studio Solution File, Format Version 12.00
# Visual Studio Version 17
VisualStudioVersion = 17.8.34309.116
MinimumVisualStudioVersion = 10.0.40219.1
Project("{9A19103F-16F7-4668-BE54-9A1E7A4F7556}") = "App.API", "App.API\App.API.csproj", "{075B8989-D815-4092-8F2E-889768CDA9DB}"
EndProject
Project("{9A19103F-16F7-4668-BE54-9A1E7A4F7556}") = "App.Models", "App.Models\App.Models.csproj", "{72C8B151-2845-4D18-B483-786CB3956B60}"
EndProject
Global
	GlobalSection(SolutionConfigurationPlatforms) = preSolution
		Debug|Any CPU = Debug|Any CPU
		Release|Any CPU = Release|Any CPU
	EndGlobalSection
	GlobalSection(ProjectConfigurationPlatforms) = postSolution
		{075B8989-D815-4092-8F2E-889768CDA9DB}.Debug|Any CPU.ActiveCfg = Debug|Any CPU
		{075B8989-D815-4092-8F2E-889768CDA9DB}.Debug|Any CPU.Build.0 = Debug|Any CPU
		{075B8989-D815-4092-8F2E-889768CDA9DB}.Release|Any CPU.ActiveCfg = Release|Any CPU
		{075B8989-D815-4092-8F2E-889768CDA9DB}.Release|Any CPU.Build.0 = Release|Any CPU
		{72C8B151-2845-4D18-B483-786CB3956B60}.Debug|Any CPU.ActiveCfg = Debug|Any CPU
		{72C8B151-2845-4D18-B483-786CB3956B60}.Debug|Any CPU.Build.0 = Debug|Any CPU
		{72C8B151-2845-4D18-B483-786CB3956B60}.Release|Any CPU.ActiveCfg = Release|Any CPU
		{72C8B151-2845-4D18-B483-786CB3956B60}.Release|Any CPU.Build.0 = Release|Any CPU
	EndGlobalSection
	GlobalSection(SolutionProperties) = preSolution
		HideSolutionNode = FALSE
	EndGlobalSection
	GlobalSection(ExtensibilityGlobals) = postSolution
		SolutionGuid = {775D7D27-51B1-4AD9-9918-9FE6996D434B}
	EndGlobalSection
EndGlobal
