
Microsoft Visual Studio Solution File, Format Version 12.00
# Visual Studio Version 17
VisualStudioVersion = 17.5.002.0
MinimumVisualStudioVersion = 10.0.40219.1
Project("{9A19103F-16F7-4668-BE54-9A1E7A4F7556}") = "App.API", "App.API.csproj", "{A7D825BA-C648-486B-9A5F-447A8F3C0A78}"
EndProject
Global
	GlobalSection(SolutionConfigurationPlatforms) = preSolution
		Debug|Any CPU = Debug|Any CPU
		Release|Any CPU = Release|Any CPU
	EndGlobalSection
	GlobalSection(ProjectConfigurationPlatforms) = postSolution
		{A7D825BA-C648-486B-9A5F-447A8F3C0A78}.Debug|Any CPU.ActiveCfg = Debug|Any CPU
		{A7D825BA-C648-486B-9A5F-447A8F3C0A78}.Debug|Any CPU.Build.0 = Debug|Any CPU
		{A7D825BA-C648-486B-9A5F-447A8F3C0A78}.Release|Any CPU.ActiveCfg = Release|Any CPU
		{A7D825BA-C648-486B-9A5F-447A8F3C0A78}.Release|Any CPU.Build.0 = Release|Any CPU
	EndGlobalSection
	GlobalSection(SolutionProperties) = preSolution
		HideSolutionNode = FALSE
	EndGlobalSection
	GlobalSection(ExtensibilityGlobals) = postSolution
		SolutionGuid = {F5DF7404-7EC9-4B95-BC0E-B43446A4E5C2}
	EndGlobalSection
EndGlobal
